{
  "originHash" : "4b854952a3cf782b9989bbdd89a3bb6cc9964d0af75b0b66c1729c48447bee72",
  "pins" : [
    {
      "identity" : "alamofire?tab=readme-ov-file",
      "kind" : "remoteSourceControl",
      "location" : "https://github.com/Alamofire/Alamofire?tab=readme-ov-file",
      "state" : {
        "revision" : "513364f870f6bfc468f9d2ff0a95caccc10044c5",
        "version" : "5.10.2"
      }
    },
    {
      "identity" : "nvactivityindicatorview",
      "kind" : "localSourceControl",
      "location" : "/Users/sajjad/Library/Developer/Xcode/DerivedData/AppnotrixScreenRecorder-ekikxebjqbchmhdwpjhwdlwrakrc/SourcePackages/checkouts/NVActivityIndicatorView",
      "state" : {
        "revision" : "121455c4e630fcb95aaefd7e4257b0c2e3cfe6d5",
        "version" : "5.2.0"
      }
    },
    {
      "identity" : "purelayout",
      "kind" : "localSourceControl",
      "location" : "/Users/sajjad/Library/Developer/Xcode/DerivedData/AppnotrixScreenRecorder-ekikxebjqbchmhdwpjhwdlwrakrc/SourcePackages/checkouts/PureLayout",
      "state" : {
        "revision" : "5561683c96dc49b023c1299bfe4f6fbeed5f8199",
        "version" : "3.1.9"
      }
    }
  ],
  "version" : 3
}
