{
  "originHash" : "f23ec0ec9f4e2f546a3800012a6fb50804b5e7a368cd070f448c52c9c88953ed",
  "pins" : [
    {
      "identity" : "alamofire?tab=readme-ov-file",
      "kind" : "remoteSourceControl",
      "location" : "https://github.com/Alamofire/Alamofire?tab=readme-ov-file",
      "state" : {
        "revision" : "513364f870f6bfc468f9d2ff0a95caccc10044c5",
        "version" : "5.10.2"
      }
    },
    {
      "identity" : "nvactivityindicatorview",
      "kind" : "remoteSourceControl",
      "location" : "https://github.com/ninjaprox/NVActivityIndicatorView",
      "state" : {
        "revision" : "121455c4e630fcb95aaefd7e4257b0c2e3cfe6d5",
        "version" : "5.2.0"
      }
    },
    {
      "identity" : "purelayout",
      "kind" : "remoteSourceControl",
      "location" : "https://github.com/PureLayout/PureLayout",
      "state" : {
        "revision" : "5561683c96dc49b023c1299bfe4f6fbeed5f8199",
        "version" : "3.1.9"
      }
    }
  ],
  "version" : 3
}
